# This is a Gradle generated file for dependency locking.
# Manual edits can break the build and are not advised.
# This file is expected to be part of source control.
# To regenerate this file, run: ./gradlew :player:h264-dump:dependencies --write-locks
com.googlecode.plist:dd-plist:1.29=compileClasspath
jakarta.annotation:jakarta.annotation-api:2.1.1=compileClasspath
org.projectlombok:lombok:1.18.44=annotationProcessor,compileClasspath,lombok
org.slf4j:slf4j-api:2.0.18=compileClasspath
empty=
